// !$*UTF8*$!
{
	archiveVersion = 1;
	classes = {
	};
	objectVersion = 50;
	objects = {

/* Begin PBXBuildFile section */
		20171CDE21415F8300B23D57 /* 222. Count Complete Tree Nodes.swift in Sources */ = {isa = PBXBuildFile; fileRef = 20171CDD21415F8300B23D57 /* 222. Count Complete Tree Nodes.swift */; };
		20171CE021415FDD00B23D57 /* 226. Invert Binary Tree.swift in Sources */ = {isa = PBXBuildFile; fileRef = 20171CDF21415FDD00B23D57 /* 226. Invert Binary Tree.swift */; };
		20171CE22141604900B23D57 /* 112. Path Sum.swift in Sources */ = {isa = PBXBuildFile; fileRef = 20171CE12141604900B23D57 /* 112. Path Sum.swift */; };
		20171CE4214160AB00B23D57 /* 113. Path Sum II.swift in Sources */ = {isa = PBXBuildFile; fileRef = 20171CE3214160AB00B23D57 /* 113. Path Sum II.swift */; };
		20171CE62141613800B23D57 /* 129. Sum Root to Leaf Numbers.swift in Sources */ = {isa = PBXBuildFile; fileRef = 20171CE52141613800B23D57 /* 129. Sum Root to Leaf Numbers.swift */; };
		20171CE82141619F00B23D57 /* 257. Binary Tree Paths.swift in Sources */ = {isa = PBXBuildFile; fileRef = 20171CE72141619F00B23D57 /* 257. Binary Tree Paths.swift */; };
		20171CEA214161F400B23D57 /* 404. Sum of Left Leaves.swift in Sources */ = {isa = PBXBuildFile; fileRef = 20171CE9214161F400B23D57 /* 404. Sum of Left Leaves.swift */; };
		20171CEC2141628600B23D57 /* 27. Remove Element.swift in Sources */ = {isa = PBXBuildFile; fileRef = 20171CEB2141628600B23D57 /* 27. Remove Element.swift */; };
		20171CEE2141630900B23D57 /* 26. Remove Duplicates from Sorted Array.swift in Sources */ = {isa = PBXBuildFile; fileRef = 20171CED2141630900B23D57 /* 26. Remove Duplicates from Sorted Array.swift */; };
		20171CF02141637C00B23D57 /* 80. Remove Duplicates from Sorted Array II.swift in Sources */ = {isa = PBXBuildFile; fileRef = 20171CEF2141637C00B23D57 /* 80. Remove Duplicates from Sorted Array II.swift */; };
		20171CF32141659F00B23D57 /* 35. Search Insert Position.swift in Sources */ = {isa = PBXBuildFile; fileRef = 20171CF22141659F00B23D57 /* 35. Search Insert Position.swift */; };
		20171CF52141668900B23D57 /* 167. Two Sum II - Input array is sorted.swift in Sources */ = {isa = PBXBuildFile; fileRef = 20171CF42141668900B23D57 /* 167. Two Sum II - Input array is sorted.swift */; };
		20171CF72141673E00B23D57 /* 125. Valid Palindrome.swift in Sources */ = {isa = PBXBuildFile; fileRef = 20171CF62141673E00B23D57 /* 125. Valid Palindrome.swift */; };
		20171CF9214167E600B23D57 /* 189. Rotate Array.swift in Sources */ = {isa = PBXBuildFile; fileRef = 20171CF8214167E600B23D57 /* 189. Rotate Array.swift */; };
		20171CFC214168B400B23D57 /* 209. Minimum Size Subarray Sum.swift in Sources */ = {isa = PBXBuildFile; fileRef = 20171CFB214168B400B23D57 /* 209. Minimum Size Subarray Sum.swift */; };
		20171CFE2141696500B23D57 /* 219. Contains Duplicate II.swift in Sources */ = {isa = PBXBuildFile; fileRef = 20171CFD2141696500B23D57 /* 219. Contains Duplicate II.swift */; };
		20171D00214169CB00B23D57 /* 220. Contains Duplicate III.swift in Sources */ = {isa = PBXBuildFile; fileRef = 20171CFF214169CB00B23D57 /* 220. Contains Duplicate III.swift */; };
		20171D0221416ABE00B23D57 /* 344. Reverse String.swift in Sources */ = {isa = PBXBuildFile; fileRef = 20171D0121416ABE00B23D57 /* 344. Reverse String.swift */; };
		20171D0421416B3E00B23D57 /* 350. Intersection of Two Arrays II.swift in Sources */ = {isa = PBXBuildFile; fileRef = 20171D0321416B3E00B23D57 /* 350. Intersection of Two Arrays II.swift */; };
		20171D0621416BC500B23D57 /* 387. First Unique Character in a String.swift in Sources */ = {isa = PBXBuildFile; fileRef = 20171D0521416BC500B23D57 /* 387. First Unique Character in a String.swift */; };
		20171D0821416C6600B23D57 /* 242. Valid Anagram.swift in Sources */ = {isa = PBXBuildFile; fileRef = 20171D0721416C6600B23D57 /* 242. Valid Anagram.swift */; };
		20171D0A21416DBB00B23D57 /* 682. Baseball Game.swift in Sources */ = {isa = PBXBuildFile; fileRef = 20171D0921416DBB00B23D57 /* 682. Baseball Game.swift */; };
		20171D0D21416EC200B23D57 /* 279. Perfect Squares.swift in Sources */ = {isa = PBXBuildFile; fileRef = 20171D0C21416EC200B23D57 /* 279. Perfect Squares.swift */; };
		20171D0F21416F0400B23D57 /* Queue.swift in Sources */ = {isa = PBXBuildFile; fileRef = 20171D0E21416F0400B23D57 /* Queue.swift */; };
		20D89B3321410AE8003EE3F0 /* AppDelegate.swift in Sources */ = {isa = PBXBuildFile; fileRef = 20D89B3221410AE8003EE3F0 /* AppDelegate.swift */; };
		20D89B3521410AE8003EE3F0 /* ViewController.swift in Sources */ = {isa = PBXBuildFile; fileRef = 20D89B3421410AE8003EE3F0 /* ViewController.swift */; };
		20D89B3821410AE8003EE3F0 /* Main.storyboard in Resources */ = {isa = PBXBuildFile; fileRef = 20D89B3621410AE8003EE3F0 /* Main.storyboard */; };
		20D89B3A21410AEA003EE3F0 /* Assets.xcassets in Resources */ = {isa = PBXBuildFile; fileRef = 20D89B3921410AEA003EE3F0 /* Assets.xcassets */; };
		20D89B3D21410AEA003EE3F0 /* LaunchScreen.storyboard in Resources */ = {isa = PBXBuildFile; fileRef = 20D89B3B21410AEA003EE3F0 /* LaunchScreen.storyboard */; };
		20D89B4821410AEA003EE3F0 /* LeetCode_swiftTests.swift in Sources */ = {isa = PBXBuildFile; fileRef = 20D89B4721410AEA003EE3F0 /* LeetCode_swiftTests.swift */; };
		20D89B6121411BDC003EE3F0 /* 15. 3Sum.swift in Sources */ = {isa = PBXBuildFile; fileRef = 20D89B6021411BDC003EE3F0 /* 15. 3Sum.swift */; };
		20D89B6321411C4D003EE3F0 /* 16. 3Sum Closest.swift in Sources */ = {isa = PBXBuildFile; fileRef = 20D89B6221411C4D003EE3F0 /* 16. 3Sum Closest.swift */; };
		20D89B6521411CCE003EE3F0 /* 66. Plus One.swift in Sources */ = {isa = PBXBuildFile; fileRef = 20D89B6421411CCE003EE3F0 /* 66. Plus One.swift */; };
		20D89B6721411D1F003EE3F0 /* 88. Merge Sorted Array.swift in Sources */ = {isa = PBXBuildFile; fileRef = 20D89B6621411D1F003EE3F0 /* 88. Merge Sorted Array.swift */; };
		20D89B6921411D73003EE3F0 /* 121. Best Time to Buy and Sell Stock.swift in Sources */ = {isa = PBXBuildFile; fileRef = 20D89B6821411D73003EE3F0 /* 121. Best Time to Buy and Sell Stock.swift */; };
		20D89B6B21411E39003EE3F0 /* 122. Best Time to Buy and Sell Stock II.swift in Sources */ = {isa = PBXBuildFile; fileRef = 20D89B6A21411E39003EE3F0 /* 122. Best Time to Buy and Sell Stock II.swift */; };
		20D89B6E21411F74003EE3F0 /* 14. Longest Common Prefix.swift in Sources */ = {isa = PBXBuildFile; fileRef = 20D89B6D21411F74003EE3F0 /* 14. Longest Common Prefix.swift */; };
		20D89B7021411FC7003EE3F0 /* 20. Valid Parentheses.swift in Sources */ = {isa = PBXBuildFile; fileRef = 20D89B6F21411FC7003EE3F0 /* 20. Valid Parentheses.swift */; };
		20D89B722141201E003EE3F0 /* 28. Implement strStr().swift in Sources */ = {isa = PBXBuildFile; fileRef = 20D89B712141201E003EE3F0 /* 28. Implement strStr().swift */; };
		20D89B74214120A7003EE3F0 /* 345. Reverse Vowels of a String.swift in Sources */ = {isa = PBXBuildFile; fileRef = 20D89B73214120A7003EE3F0 /* 345. Reverse Vowels of a String.swift */; };
		20D89B772141227B003EE3F0 /* 169. Majority Element.swift in Sources */ = {isa = PBXBuildFile; fileRef = 20D89B762141227B003EE3F0 /* 169. Majority Element.swift */; };
		20D89B7B214123D0003EE3F0 /* 349. Intersection of Two Arrays.swift in Sources */ = {isa = PBXBuildFile; fileRef = 20D89B7A214123D0003EE3F0 /* 349. Intersection of Two Arrays.swift */; };
		20D89B7D21412473003EE3F0 /* 290. Word Pattern.swift in Sources */ = {isa = PBXBuildFile; fileRef = 20D89B7C21412473003EE3F0 /* 290. Word Pattern.swift */; };
		20D89B7F2141255C003EE3F0 /* 438. Find All Anagrams in a String.swift in Sources */ = {isa = PBXBuildFile; fileRef = 20D89B7E2141255C003EE3F0 /* 438. Find All Anagrams in a String.swift */; };
		20D89B81214125D6003EE3F0 /* 451. Sort Characters By Frequency.swift in Sources */ = {isa = PBXBuildFile; fileRef = 20D89B80214125D6003EE3F0 /* 451. Sort Characters By Frequency.swift */; };
		20D89B84214126BA003EE3F0 /* 150. Evaluate Reverse Polish Notation.swift in Sources */ = {isa = PBXBuildFile; fileRef = 20D89B83214126BA003EE3F0 /* 150. Evaluate Reverse Polish Notation.swift */; };
		20D89B8621412744003EE3F0 /* 204. Count Primes.swift in Sources */ = {isa = PBXBuildFile; fileRef = 20D89B8521412744003EE3F0 /* 204. Count Primes.swift */; };
		20D89B88214127B8003EE3F0 /* 205. Isomorphic Strings.swift in Sources */ = {isa = PBXBuildFile; fileRef = 20D89B87214127B8003EE3F0 /* 205. Isomorphic Strings.swift */; };
		20D89B8B214128BA003EE3F0 /* 94. Binary Tree Inorder Traversal.swift in Sources */ = {isa = PBXBuildFile; fileRef = 20D89B8A214128BA003EE3F0 /* 94. Binary Tree Inorder Traversal.swift */; };
		20D89B8D21412912003EE3F0 /* TreeNode.swift in Sources */ = {isa = PBXBuildFile; fileRef = 20D89B8C21412912003EE3F0 /* TreeNode.swift */; };
		20D89B8F21412973003EE3F0 /* 144. Binary Tree Preorder Traversal.swift in Sources */ = {isa = PBXBuildFile; fileRef = 20D89B8E21412973003EE3F0 /* 144. Binary Tree Preorder Traversal.swift */; };
		20D89B91214129DE003EE3F0 /* 145. Binary Tree Postorder Traversal.swift in Sources */ = {isa = PBXBuildFile; fileRef = 20D89B90214129DE003EE3F0 /* 145. Binary Tree Postorder Traversal.swift */; };
		20D89B9321412A55003EE3F0 /* 199. Binary Tree Right Side View.swift in Sources */ = {isa = PBXBuildFile; fileRef = 20D89B9221412A55003EE3F0 /* 199. Binary Tree Right Side View.swift */; };
		20D89B9521412B39003EE3F0 /* 102. Binary Tree Level Order Traversal.swift in Sources */ = {isa = PBXBuildFile; fileRef = 20D89B9421412B39003EE3F0 /* 102. Binary Tree Level Order Traversal.swift */; };
		20D89B9721412BDA003EE3F0 /* 107. Binary Tree Level Order Traversal II.swift in Sources */ = {isa = PBXBuildFile; fileRef = 20D89B9621412BDA003EE3F0 /* 107. Binary Tree Level Order Traversal II.swift */; };
		20D89B9921412C29003EE3F0 /* 103. Binary Tree Zigzag Level Order Traversal.swift in Sources */ = {isa = PBXBuildFile; fileRef = 20D89B9821412C29003EE3F0 /* 103. Binary Tree Zigzag Level Order Traversal.swift */; };
		20D89B9D21412D52003EE3F0 /* 98. Validate Binary Search Tree.swift in Sources */ = {isa = PBXBuildFile; fileRef = 20D89B9C21412D52003EE3F0 /* 98. Validate Binary Search Tree.swift */; };
		20D89BA121412E82003EE3F0 /* 530. Minimum Absolute Difference in BST.swift in Sources */ = {isa = PBXBuildFile; fileRef = 20D89BA021412E82003EE3F0 /* 530. Minimum Absolute Difference in BST.swift */; };
		20D89BA421412F36003EE3F0 /* 206. Reverse Linked List.swift in Sources */ = {isa = PBXBuildFile; fileRef = 20D89BA321412F36003EE3F0 /* 206. Reverse Linked List.swift */; };
		20D89BA621412F6A003EE3F0 /* ListNode.swift in Sources */ = {isa = PBXBuildFile; fileRef = 20D89BA521412F6A003EE3F0 /* ListNode.swift */; };
		20D89BA821412FAB003EE3F0 /* 92. Reverse Linked List II.swift in Sources */ = {isa = PBXBuildFile; fileRef = 20D89BA721412FAB003EE3F0 /* 92. Reverse Linked List II.swift */; };
		20D89BAB214131CE003EE3F0 /* 104. Maximum Depth of Binary Tree.swift in Sources */ = {isa = PBXBuildFile; fileRef = 20D89BAA214131CE003EE3F0 /* 104. Maximum Depth of Binary Tree.swift */; };
		20D89BAD2141320E003EE3F0 /* 111. Minimum Depth of Binary Tree.swift in Sources */ = {isa = PBXBuildFile; fileRef = 20D89BAC2141320E003EE3F0 /* 111. Minimum Depth of Binary Tree.swift */; };
		20D89BAF2141324D003EE3F0 /* 100. Same Tree.swift in Sources */ = {isa = PBXBuildFile; fileRef = 20D89BAE2141324D003EE3F0 /* 100. Same Tree.swift */; };
		20D89BB12141327E003EE3F0 /* 101. Symmetric Tree.swift in Sources */ = {isa = PBXBuildFile; fileRef = 20D89BB02141327E003EE3F0 /* 101. Symmetric Tree.swift */; };
		20D89BB3214132C0003EE3F0 /* 110. Balanced Binary Tree.swift in Sources */ = {isa = PBXBuildFile; fileRef = 20D89BB2214132C0003EE3F0 /* 110. Balanced Binary Tree.swift */; };
		20FC99642142188400DDAB16 /* 238. Product of Array Except Self.swift in Sources */ = {isa = PBXBuildFile; fileRef = 20FC99632142188400DDAB16 /* 238. Product of Array Except Self.swift */; };
		20FC99662142555600DDAB16 /* 118. Pascal's Triangle.swift in Sources */ = {isa = PBXBuildFile; fileRef = 20FC99652142555600DDAB16 /* 118. Pascal's Triangle.swift */; };
		20FC9969214262C600DDAB16 /* 215. Kth Largest Element in an Array.swift in Sources */ = {isa = PBXBuildFile; fileRef = 20FC9968214262C600DDAB16 /* 215. Kth Largest Element in an Array.swift */; };
		20FC996B21426D0600DDAB16 /* 347. Top K Frequent Elements.swift in Sources */ = {isa = PBXBuildFile; fileRef = 20FC996A21426D0600DDAB16 /* 347. Top K Frequent Elements.swift */; };
		20FC996E21460AC200DDAB16 /* 70. Climbing Stairs.swift in Sources */ = {isa = PBXBuildFile; fileRef = 20FC996D21460AC200DDAB16 /* 70. Climbing Stairs.swift */; };
		20FC99702146104000DDAB16 /* 120. Triangle.swift in Sources */ = {isa = PBXBuildFile; fileRef = 20FC996F2146104000DDAB16 /* 120. Triangle.swift */; };
		20FC997221461BE300DDAB16 /* 64. Minimum Path Sum.swift in Sources */ = {isa = PBXBuildFile; fileRef = 20FC997121461BE300DDAB16 /* 64. Minimum Path Sum.swift */; };
		20FC9976214646C200DDAB16 /* 62. Unique Paths.swift in Sources */ = {isa = PBXBuildFile; fileRef = 20FC9975214646C200DDAB16 /* 62. Unique Paths.swift */; };
		20FC997821464D3200DDAB16 /* 63. Unique Paths II.swift in Sources */ = {isa = PBXBuildFile; fileRef = 20FC997721464D3200DDAB16 /* 63. Unique Paths II.swift */; };
/* End PBXBuildFile section */

/* Begin PBXContainerItemProxy section */
		20D89B4421410AEA003EE3F0 /* PBXContainerItemProxy */ = {
			isa = PBXContainerItemProxy;
			containerPortal = 20D89B2721410AE8003EE3F0 /* Project object */;
			proxyType = 1;
			remoteGlobalIDString = 20D89B2E21410AE8003EE3F0;
			remoteInfo = LeetCode.swift;
		};
/* End PBXContainerItemProxy section */

/* Begin PBXFileReference section */
		20171CDD21415F8300B23D57 /* 222. Count Complete Tree Nodes.swift */ = {isa = PBXFileReference; lastKnownFileType = sourcecode.swift; path = "222. Count Complete Tree Nodes.swift"; sourceTree = "<group>"; };
		20171CDF21415FDD00B23D57 /* 226. Invert Binary Tree.swift */ = {isa = PBXFileReference; lastKnownFileType = sourcecode.swift; path = "226. Invert Binary Tree.swift"; sourceTree = "<group>"; };
		20171CE12141604900B23D57 /* 112. Path Sum.swift */ = {isa = PBXFileReference; lastKnownFileType = sourcecode.swift; path = "112. Path Sum.swift"; sourceTree = "<group>"; };
		20171CE3214160AB00B23D57 /* 113. Path Sum II.swift */ = {isa = PBXFileReference; lastKnownFileType = sourcecode.swift; path = "113. Path Sum II.swift"; sourceTree = "<group>"; };
		20171CE52141613800B23D57 /* 129. Sum Root to Leaf Numbers.swift */ = {isa = PBXFileReference; lastKnownFileType = sourcecode.swift; path = "129. Sum Root to Leaf Numbers.swift"; sourceTree = "<group>"; };
		20171CE72141619F00B23D57 /* 257. Binary Tree Paths.swift */ = {isa = PBXFileReference; lastKnownFileType = sourcecode.swift; path = "257. Binary Tree Paths.swift"; sourceTree = "<group>"; };
		20171CE9214161F400B23D57 /* 404. Sum of Left Leaves.swift */ = {isa = PBXFileReference; lastKnownFileType = sourcecode.swift; path = "404. Sum of Left Leaves.swift"; sourceTree = "<group>"; };
		20171CEB2141628600B23D57 /* 27. Remove Element.swift */ = {isa = PBXFileReference; lastKnownFileType = sourcecode.swift; path = "27. Remove Element.swift"; sourceTree = "<group>"; };
		20171CED2141630900B23D57 /* 26. Remove Duplicates from Sorted Array.swift */ = {isa = PBXFileReference; lastKnownFileType = sourcecode.swift; path = "26. Remove Duplicates from Sorted Array.swift"; sourceTree = "<group>"; };
		20171CEF2141637C00B23D57 /* 80. Remove Duplicates from Sorted Array II.swift */ = {isa = PBXFileReference; lastKnownFileType = sourcecode.swift; path = "80. Remove Duplicates from Sorted Array II.swift"; sourceTree = "<group>"; };
		20171CF22141659F00B23D57 /* 35. Search Insert Position.swift */ = {isa = PBXFileReference; lastKnownFileType = sourcecode.swift; path = "35. Search Insert Position.swift"; sourceTree = "<group>"; };
		20171CF42141668900B23D57 /* 167. Two Sum II - Input array is sorted.swift */ = {isa = PBXFileReference; lastKnownFileType = sourcecode.swift; path = "167. Two Sum II - Input array is sorted.swift"; sourceTree = "<group>"; };
		20171CF62141673E00B23D57 /* 125. Valid Palindrome.swift */ = {isa = PBXFileReference; lastKnownFileType = sourcecode.swift; path = "125. Valid Palindrome.swift"; sourceTree = "<group>"; };
		20171CF8214167E600B23D57 /* 189. Rotate Array.swift */ = {isa = PBXFileReference; lastKnownFileType = sourcecode.swift; path = "189. Rotate Array.swift"; sourceTree = "<group>"; };
		20171CFB214168B400B23D57 /* 209. Minimum Size Subarray Sum.swift */ = {isa = PBXFileReference; lastKnownFileType = sourcecode.swift; path = "209. Minimum Size Subarray Sum.swift"; sourceTree = "<group>"; };
		20171CFD2141696500B23D57 /* 219. Contains Duplicate II.swift */ = {isa = PBXFileReference; lastKnownFileType = sourcecode.swift; path = "219. Contains Duplicate II.swift"; sourceTree = "<group>"; };
		20171CFF214169CB00B23D57 /* 220. Contains Duplicate III.swift */ = {isa = PBXFileReference; lastKnownFileType = sourcecode.swift; path = "220. Contains Duplicate III.swift"; sourceTree = "<group>"; };
		20171D0121416ABE00B23D57 /* 344. Reverse String.swift */ = {isa = PBXFileReference; lastKnownFileType = sourcecode.swift; path = "344. Reverse String.swift"; sourceTree = "<group>"; };
		20171D0321416B3E00B23D57 /* 350. Intersection of Two Arrays II.swift */ = {isa = PBXFileReference; lastKnownFileType = sourcecode.swift; path = "350. Intersection of Two Arrays II.swift"; sourceTree = "<group>"; };
		20171D0521416BC500B23D57 /* 387. First Unique Character in a String.swift */ = {isa = PBXFileReference; lastKnownFileType = sourcecode.swift; path = "387. First Unique Character in a String.swift"; sourceTree = "<group>"; };
		20171D0721416C6600B23D57 /* 242. Valid Anagram.swift */ = {isa = PBXFileReference; lastKnownFileType = sourcecode.swift; path = "242. Valid Anagram.swift"; sourceTree = "<group>"; };
		20171D0921416DBB00B23D57 /* 682. Baseball Game.swift */ = {isa = PBXFileReference; lastKnownFileType = sourcecode.swift; path = "682. Baseball Game.swift"; sourceTree = "<group>"; };
		20171D0C21416EC200B23D57 /* 279. Perfect Squares.swift */ = {isa = PBXFileReference; lastKnownFileType = sourcecode.swift; path = "279. Perfect Squares.swift"; sourceTree = "<group>"; };
		20171D0E21416F0400B23D57 /* Queue.swift */ = {isa = PBXFileReference; lastKnownFileType = sourcecode.swift; path = Queue.swift; sourceTree = "<group>"; };
		20D89B2F21410AE8003EE3F0 /* LeetCode.swift.app */ = {isa = PBXFileReference; explicitFileType = wrapper.application; includeInIndex = 0; path = LeetCode.swift.app; sourceTree = BUILT_PRODUCTS_DIR; };
		20D89B3221410AE8003EE3F0 /* AppDelegate.swift */ = {isa = PBXFileReference; lastKnownFileType = sourcecode.swift; path = AppDelegate.swift; sourceTree = "<group>"; };
		20D89B3421410AE8003EE3F0 /* ViewController.swift */ = {isa = PBXFileReference; lastKnownFileType = sourcecode.swift; path = ViewController.swift; sourceTree = "<group>"; };
		20D89B3721410AE8003EE3F0 /* Base */ = {isa = PBXFileReference; lastKnownFileType = file.storyboard; name = Base; path = Base.lproj/Main.storyboard; sourceTree = "<group>"; };
		20D89B3921410AEA003EE3F0 /* Assets.xcassets */ = {isa = PBXFileReference; lastKnownFileType = folder.assetcatalog; path = Assets.xcassets; sourceTree = "<group>"; };
		20D89B3C21410AEA003EE3F0 /* Base */ = {isa = PBXFileReference; lastKnownFileType = file.storyboard; name = Base; path = Base.lproj/LaunchScreen.storyboard; sourceTree = "<group>"; };
		20D89B3E21410AEA003EE3F0 /* Info.plist */ = {isa = PBXFileReference; lastKnownFileType = text.plist.xml; path = Info.plist; sourceTree = "<group>"; };
		20D89B4321410AEA003EE3F0 /* LeetCode.swiftTests.xctest */ = {isa = PBXFileReference; explicitFileType = wrapper.cfbundle; includeInIndex = 0; path = LeetCode.swiftTests.xctest; sourceTree = BUILT_PRODUCTS_DIR; };
		20D89B4721410AEA003EE3F0 /* LeetCode_swiftTests.swift */ = {isa = PBXFileReference; lastKnownFileType = sourcecode.swift; path = LeetCode_swiftTests.swift; sourceTree = "<group>"; };
		20D89B4921410AEA003EE3F0 /* Info.plist */ = {isa = PBXFileReference; lastKnownFileType = text.plist.xml; path = Info.plist; sourceTree = "<group>"; };
		20D89B6021411BDC003EE3F0 /* 15. 3Sum.swift */ = {isa = PBXFileReference; lastKnownFileType = sourcecode.swift; path = "15. 3Sum.swift"; sourceTree = "<group>"; };
		20D89B6221411C4D003EE3F0 /* 16. 3Sum Closest.swift */ = {isa = PBXFileReference; lastKnownFileType = sourcecode.swift; path = "16. 3Sum Closest.swift"; sourceTree = "<group>"; };
		20D89B6421411CCE003EE3F0 /* 66. Plus One.swift */ = {isa = PBXFileReference; lastKnownFileType = sourcecode.swift; path = "66. Plus One.swift"; sourceTree = "<group>"; };
		20D89B6621411D1F003EE3F0 /* 88. Merge Sorted Array.swift */ = {isa = PBXFileReference; lastKnownFileType = sourcecode.swift; path = "88. Merge Sorted Array.swift"; sourceTree = "<group>"; };
		20D89B6821411D73003EE3F0 /* 121. Best Time to Buy and Sell Stock.swift */ = {isa = PBXFileReference; lastKnownFileType = sourcecode.swift; path = "121. Best Time to Buy and Sell Stock.swift"; sourceTree = "<group>"; };
		20D89B6A21411E39003EE3F0 /* 122. Best Time to Buy and Sell Stock II.swift */ = {isa = PBXFileReference; lastKnownFileType = sourcecode.swift; path = "122. Best Time to Buy and Sell Stock II.swift"; sourceTree = "<group>"; };
		20D89B6D21411F74003EE3F0 /* 14. Longest Common Prefix.swift */ = {isa = PBXFileReference; lastKnownFileType = sourcecode.swift; path = "14. Longest Common Prefix.swift"; sourceTree = "<group>"; };
		20D89B6F21411FC7003EE3F0 /* 20. Valid Parentheses.swift */ = {isa = PBXFileReference; lastKnownFileType = sourcecode.swift; path = "20. Valid Parentheses.swift"; sourceTree = "<group>"; };
		20D89B712141201E003EE3F0 /* 28. Implement strStr().swift */ = {isa = PBXFileReference; lastKnownFileType = sourcecode.swift; path = "28. Implement strStr().swift"; sourceTree = "<group>"; };
		20D89B73214120A7003EE3F0 /* 345. Reverse Vowels of a String.swift */ = {isa = PBXFileReference; lastKnownFileType = sourcecode.swift; path = "345. Reverse Vowels of a String.swift"; sourceTree = "<group>"; };
		20D89B762141227B003EE3F0 /* 169. Majority Element.swift */ = {isa = PBXFileReference; lastKnownFileType = sourcecode.swift; path = "169. Majority Element.swift"; sourceTree = "<group>"; };
		20D89B7A214123D0003EE3F0 /* 349. Intersection of Two Arrays.swift */ = {isa = PBXFileReference; lastKnownFileType = sourcecode.swift; path = "349. Intersection of Two Arrays.swift"; sourceTree = "<group>"; };
		20D89B7C21412473003EE3F0 /* 290. Word Pattern.swift */ = {isa = PBXFileReference; lastKnownFileType = sourcecode.swift; path = "290. Word Pattern.swift"; sourceTree = "<group>"; };
		20D89B7E2141255C003EE3F0 /* 438. Find All Anagrams in a String.swift */ = {isa = PBXFileReference; lastKnownFileType = sourcecode.swift; path = "438. Find All Anagrams in a String.swift"; sourceTree = "<group>"; };
		20D89B80214125D6003EE3F0 /* 451. Sort Characters By Frequency.swift */ = {isa = PBXFileReference; lastKnownFileType = sourcecode.swift; path = "451. Sort Characters By Frequency.swift"; sourceTree = "<group>"; };
		20D89B83214126BA003EE3F0 /* 150. Evaluate Reverse Polish Notation.swift */ = {isa = PBXFileReference; lastKnownFileType = sourcecode.swift; path = "150. Evaluate Reverse Polish Notation.swift"; sourceTree = "<group>"; };
		20D89B8521412744003EE3F0 /* 204. Count Primes.swift */ = {isa = PBXFileReference; lastKnownFileType = sourcecode.swift; path = "204. Count Primes.swift"; sourceTree = "<group>"; };
		20D89B87214127B8003EE3F0 /* 205. Isomorphic Strings.swift */ = {isa = PBXFileReference; lastKnownFileType = sourcecode.swift; path = "205. Isomorphic Strings.swift"; sourceTree = "<group>"; };
		20D89B8A214128BA003EE3F0 /* 94. Binary Tree Inorder Traversal.swift */ = {isa = PBXFileReference; lastKnownFileType = sourcecode.swift; path = "94. Binary Tree Inorder Traversal.swift"; sourceTree = "<group>"; };
		20D89B8C21412912003EE3F0 /* TreeNode.swift */ = {isa = PBXFileReference; lastKnownFileType = sourcecode.swift; path = TreeNode.swift; sourceTree = "<group>"; };
		20D89B8E21412973003EE3F0 /* 144. Binary Tree Preorder Traversal.swift */ = {isa = PBXFileReference; lastKnownFileType = sourcecode.swift; path = "144. Binary Tree Preorder Traversal.swift"; sourceTree = "<group>"; };
		20D89B90214129DE003EE3F0 /* 145. Binary Tree Postorder Traversal.swift */ = {isa = PBXFileReference; lastKnownFileType = sourcecode.swift; path = "145. Binary Tree Postorder Traversal.swift"; sourceTree = "<group>"; };
		20D89B9221412A55003EE3F0 /* 199. Binary Tree Right Side View.swift */ = {isa = PBXFileReference; lastKnownFileType = sourcecode.swift; path = "199. Binary Tree Right Side View.swift"; sourceTree = "<group>"; };
		20D89B9421412B39003EE3F0 /* 102. Binary Tree Level Order Traversal.swift */ = {isa = PBXFileReference; lastKnownFileType = sourcecode.swift; path = "102. Binary Tree Level Order Traversal.swift"; sourceTree = "<group>"; };
		20D89B9621412BDA003EE3F0 /* 107. Binary Tree Level Order Traversal II.swift */ = {isa = PBXFileReference; lastKnownFileType = sourcecode.swift; path = "107. Binary Tree Level Order Traversal II.swift"; sourceTree = "<group>"; };
		20D89B9821412C29003EE3F0 /* 103. Binary Tree Zigzag Level Order Traversal.swift */ = {isa = PBXFileReference; lastKnownFileType = sourcecode.swift; path = "103. Binary Tree Zigzag Level Order Traversal.swift"; sourceTree = "<group>"; };
		20D89B9C21412D52003EE3F0 /* 98. Validate Binary Search Tree.swift */ = {isa = PBXFileReference; lastKnownFileType = sourcecode.swift; path = "98. Validate Binary Search Tree.swift"; sourceTree = "<group>"; };
		20D89BA021412E82003EE3F0 /* 530. Minimum Absolute Difference in BST.swift */ = {isa = PBXFileReference; lastKnownFileType = sourcecode.swift; path = "530. Minimum Absolute Difference in BST.swift"; sourceTree = "<group>"; };
		20D89BA321412F36003EE3F0 /* 206. Reverse Linked List.swift */ = {isa = PBXFileReference; lastKnownFileType = sourcecode.swift; path = "206. Reverse Linked List.swift"; sourceTree = "<group>"; };
		20D89BA521412F6A003EE3F0 /* ListNode.swift */ = {isa = PBXFileReference; lastKnownFileType = sourcecode.swift; path = ListNode.swift; sourceTree = "<group>"; };
		20D89BA721412FAB003EE3F0 /* 92. Reverse Linked List II.swift */ = {isa = PBXFileReference; lastKnownFileType = sourcecode.swift; path = "92. Reverse Linked List II.swift"; sourceTree = "<group>"; };
		20D89BAA214131CE003EE3F0 /* 104. Maximum Depth of Binary Tree.swift */ = {isa = PBXFileReference; lastKnownFileType = sourcecode.swift; path = "104. Maximum Depth of Binary Tree.swift"; sourceTree = "<group>"; };
		20D89BAC2141320E003EE3F0 /* 111. Minimum Depth of Binary Tree.swift */ = {isa = PBXFileReference; lastKnownFileType = sourcecode.swift; path = "111. Minimum Depth of Binary Tree.swift"; sourceTree = "<group>"; };
		20D89BAE2141324D003EE3F0 /* 100. Same Tree.swift */ = {isa = PBXFileReference; lastKnownFileType = sourcecode.swift; path = "100. Same Tree.swift"; sourceTree = "<group>"; };
		20D89BB02141327E003EE3F0 /* 101. Symmetric Tree.swift */ = {isa = PBXFileReference; lastKnownFileType = sourcecode.swift; path = "101. Symmetric Tree.swift"; sourceTree = "<group>"; };
		20D89BB2214132C0003EE3F0 /* 110. Balanced Binary Tree.swift */ = {isa = PBXFileReference; lastKnownFileType = sourcecode.swift; path = "110. Balanced Binary Tree.swift"; sourceTree = "<group>"; };
		20FC99632142188400DDAB16 /* 238. Product of Array Except Self.swift */ = {isa = PBXFileReference; lastKnownFileType = sourcecode.swift; path = "238. Product of Array Except Self.swift"; sourceTree = "<group>"; };
		20FC99652142555600DDAB16 /* 118. Pascal's Triangle.swift */ = {isa = PBXFileReference; lastKnownFileType = sourcecode.swift; path = "118. Pascal's Triangle.swift"; sourceTree = "<group>"; };
		20FC9968214262C600DDAB16 /* 215. Kth Largest Element in an Array.swift */ = {isa = PBXFileReference; lastKnownFileType = sourcecode.swift; path = "215. Kth Largest Element in an Array.swift"; sourceTree = "<group>"; };
		20FC996A21426D0600DDAB16 /* 347. Top K Frequent Elements.swift */ = {isa = PBXFileReference; lastKnownFileType = sourcecode.swift; path = "347. Top K Frequent Elements.swift"; sourceTree = "<group>"; };
		20FC996D21460AC200DDAB16 /* 70. Climbing Stairs.swift */ = {isa = PBXFileReference; lastKnownFileType = sourcecode.swift; path = "70. Climbing Stairs.swift"; sourceTree = "<group>"; };
		20FC996F2146104000DDAB16 /* 120. Triangle.swift */ = {isa = PBXFileReference; lastKnownFileType = sourcecode.swift; path = "120. Triangle.swift"; sourceTree = "<group>"; };
		20FC997121461BE300DDAB16 /* 64. Minimum Path Sum.swift */ = {isa = PBXFileReference; lastKnownFileType = sourcecode.swift; path = "64. Minimum Path Sum.swift"; sourceTree = "<group>"; };
		20FC9975214646C200DDAB16 /* 62. Unique Paths.swift */ = {isa = PBXFileReference; lastKnownFileType = sourcecode.swift; path = "62. Unique Paths.swift"; sourceTree = "<group>"; };
		20FC997721464D3200DDAB16 /* 63. Unique Paths II.swift */ = {isa = PBXFileReference; lastKnownFileType = sourcecode.swift; path = "63. Unique Paths II.swift"; sourceTree = "<group>"; };
/* End PBXFileReference section */

/* Begin PBXFrameworksBuildPhase section */
		20D89B2C21410AE8003EE3F0 /* Frameworks */ = {
			isa = PBXFrameworksBuildPhase;
			buildActionMask = 2147483647;
			files = (
			);
			runOnlyForDeploymentPostprocessing = 0;
		};
		20D89B4021410AEA003EE3F0 /* Frameworks */ = {
			isa = PBXFrameworksBuildPhase;
			buildActionMask = 2147483647;
			files = (
			);
			runOnlyForDeploymentPostprocessing = 0;
		};
/* End PBXFrameworksBuildPhase section */

/* Begin PBXGroup section */
		20171CF12141656F00B23D57 /* Binary Search */ = {
			isa = PBXGroup;
			children = (
				20171CF22141659F00B23D57 /* 35. Search Insert Position.swift */,
				20171CF42141668900B23D57 /* 167. Two Sum II - Input array is sorted.swift */,
			);
			path = "Binary Search";
			sourceTree = "<group>";
		};
		20171CFA2141688700B23D57 /* Two Pointers */ = {
			isa = PBXGroup;
			children = (
				20D89B6021411BDC003EE3F0 /* 15. 3Sum.swift */,
				20D89B6221411C4D003EE3F0 /* 16. 3Sum Closest.swift */,
				20D89B6621411D1F003EE3F0 /* 88. Merge Sorted Array.swift */,
				20FC99652142555600DDAB16 /* 118. Pascal's Triangle.swift */,
				20171CFB214168B400B23D57 /* 209. Minimum Size Subarray Sum.swift */,
			);
			path = "Two Pointers";
			sourceTree = "<group>";
		};
		20171D0B21416E9500B23D57 /* Queue */ = {
			isa = PBXGroup;
			children = (
				20171D0E21416F0400B23D57 /* Queue.swift */,
				20171D0C21416EC200B23D57 /* 279. Perfect Squares.swift */,
			);
			path = Queue;
			sourceTree = "<group>";
		};
		20D89B2621410AE8003EE3F0 = {
			isa = PBXGroup;
			children = (
				20D89B3121410AE8003EE3F0 /* LeetCode.swift */,
				20D89B4621410AEA003EE3F0 /* LeetCode.swiftTests */,
				20D89B3021410AE8003EE3F0 /* Products */,
			);
			sourceTree = "<group>";
		};
		20D89B3021410AE8003EE3F0 /* Products */ = {
			isa = PBXGroup;
			children = (
				20D89B2F21410AE8003EE3F0 /* LeetCode.swift.app */,
				20D89B4321410AEA003EE3F0 /* LeetCode.swiftTests.xctest */,
			);
			name = Products;
			sourceTree = "<group>";
		};
		20D89B3121410AE8003EE3F0 /* LeetCode.swift */ = {
			isa = PBXGroup;
			children = (
				20D89B5F21411BC4003EE3F0 /* Array */,
				20171CFA2141688700B23D57 /* Two Pointers */,
				20D89B6C21411F43003EE3F0 /* String */,
				20D89B7521412246003EE3F0 /* Hash Table */,
				20D89B822141268B003EE3F0 /* Stack */,
				20171D0B21416E9500B23D57 /* Queue */,
				20FC99672142629400DDAB16 /* Sort */,
				20171CF12141656F00B23D57 /* Binary Search */,
				20D89BA221412F0B003EE3F0 /* Linked List */,
				20D89B8921412889003EE3F0 /* Tree */,
				20D89B9B21412CFB003EE3F0 /* Binary Search Tree */,
				20D89BA9214130F6003EE3F0 /* Recursion */,
				20FC996C21460AA200DDAB16 /* Dynamic Programming */,
				20D89B592141192A003EE3F0 /* New Group */,
				20D89B3E21410AEA003EE3F0 /* Info.plist */,
			);
			path = LeetCode.swift;
			sourceTree = "<group>";
		};
		20D89B4621410AEA003EE3F0 /* LeetCode.swiftTests */ = {
			isa = PBXGroup;
			children = (
				20D89B4721410AEA003EE3F0 /* LeetCode_swiftTests.swift */,
				20D89B4921410AEA003EE3F0 /* Info.plist */,
			);
			path = LeetCode.swiftTests;
			sourceTree = "<group>";
		};
		20D89B592141192A003EE3F0 /* New Group */ = {
			isa = PBXGroup;
			children = (
				20D89B3221410AE8003EE3F0 /* AppDelegate.swift */,
				20D89B3421410AE8003EE3F0 /* ViewController.swift */,
				20D89B3621410AE8003EE3F0 /* Main.storyboard */,
				20D89B3921410AEA003EE3F0 /* Assets.xcassets */,
				20D89B3B21410AEA003EE3F0 /* LaunchScreen.storyboard */,
			);
			path = "New Group";
			sourceTree = "<group>";
		};
		20D89B5F21411BC4003EE3F0 /* Array */ = {
			isa = PBXGroup;
			children = (
				20171CED2141630900B23D57 /* 26. Remove Duplicates from Sorted Array.swift */,
				20171CEF2141637C00B23D57 /* 80. Remove Duplicates from Sorted Array II.swift */,
				20171CEB2141628600B23D57 /* 27. Remove Element.swift */,
				20D89B6421411CCE003EE3F0 /* 66. Plus One.swift */,
				20D89B6821411D73003EE3F0 /* 121. Best Time to Buy and Sell Stock.swift */,
				20D89B6A21411E39003EE3F0 /* 122. Best Time to Buy and Sell Stock II.swift */,
				20171CF8214167E600B23D57 /* 189. Rotate Array.swift */,
				20FC99632142188400DDAB16 /* 238. Product of Array Except Self.swift */,
			);
			path = Array;
			sourceTree = "<group>";
		};
		20D89B6C21411F43003EE3F0 /* String */ = {
			isa = PBXGroup;
			children = (
				20D89B6D21411F74003EE3F0 /* 14. Longest Common Prefix.swift */,
				20D89B6F21411FC7003EE3F0 /* 20. Valid Parentheses.swift */,
				20D89B712141201E003EE3F0 /* 28. Implement strStr().swift */,
				20171CF62141673E00B23D57 /* 125. Valid Palindrome.swift */,
				20171D0721416C6600B23D57 /* 242. Valid Anagram.swift */,
				20171D0121416ABE00B23D57 /* 344. Reverse String.swift */,
				20D89B73214120A7003EE3F0 /* 345. Reverse Vowels of a String.swift */,
			);
			path = String;
			sourceTree = "<group>";
		};
		20D89B7521412246003EE3F0 /* Hash Table */ = {
			isa = PBXGroup;
			children = (
				20D89B762141227B003EE3F0 /* 169. Majority Element.swift */,
				20D89B8521412744003EE3F0 /* 204. Count Primes.swift */,
				20D89B87214127B8003EE3F0 /* 205. Isomorphic Strings.swift */,
				20171CFD2141696500B23D57 /* 219. Contains Duplicate II.swift */,
				20171CFF214169CB00B23D57 /* 220. Contains Duplicate III.swift */,
				20D89B7C21412473003EE3F0 /* 290. Word Pattern.swift */,
				20D89B7A214123D0003EE3F0 /* 349. Intersection of Two Arrays.swift */,
				20171D0321416B3E00B23D57 /* 350. Intersection of Two Arrays II.swift */,
				20171D0521416BC500B23D57 /* 387. First Unique Character in a String.swift */,
				20D89B7E2141255C003EE3F0 /* 438. Find All Anagrams in a String.swift */,
				20D89B80214125D6003EE3F0 /* 451. Sort Characters By Frequency.swift */,
			);
			path = "Hash Table";
			sourceTree = "<group>";
		};
		20D89B822141268B003EE3F0 /* Stack */ = {
			isa = PBXGroup;
			children = (
				20D89B83214126BA003EE3F0 /* 150. Evaluate Reverse Polish Notation.swift */,
				20171D0921416DBB00B23D57 /* 682. Baseball Game.swift */,
			);
			path = Stack;
			sourceTree = "<group>";
		};
		20D89B8921412889003EE3F0 /* Tree */ = {
			isa = PBXGroup;
			children = (
				20D89B8C21412912003EE3F0 /* TreeNode.swift */,
				20D89B8A214128BA003EE3F0 /* 94. Binary Tree Inorder Traversal.swift */,
				20D89B8E21412973003EE3F0 /* 144. Binary Tree Preorder Traversal.swift */,
				20D89B90214129DE003EE3F0 /* 145. Binary Tree Postorder Traversal.swift */,
				20D89B9421412B39003EE3F0 /* 102. Binary Tree Level Order Traversal.swift */,
				20D89B9621412BDA003EE3F0 /* 107. Binary Tree Level Order Traversal II.swift */,
				20D89B9821412C29003EE3F0 /* 103. Binary Tree Zigzag Level Order Traversal.swift */,
				20D89B9221412A55003EE3F0 /* 199. Binary Tree Right Side View.swift */,
			);
			path = Tree;
			sourceTree = "<group>";
		};
		20D89B9B21412CFB003EE3F0 /* Binary Search Tree */ = {
			isa = PBXGroup;
			children = (
				20D89B9C21412D52003EE3F0 /* 98. Validate Binary Search Tree.swift */,
				20D89BA021412E82003EE3F0 /* 530. Minimum Absolute Difference in BST.swift */,
			);
			path = "Binary Search Tree";
			sourceTree = "<group>";
		};
		20D89BA221412F0B003EE3F0 /* Linked List */ = {
			isa = PBXGroup;
			children = (
				20D89BA521412F6A003EE3F0 /* ListNode.swift */,
				20D89BA321412F36003EE3F0 /* 206. Reverse Linked List.swift */,
				20D89BA721412FAB003EE3F0 /* 92. Reverse Linked List II.swift */,
			);
			path = "Linked List";
			sourceTree = "<group>";
		};
		20D89BA9214130F6003EE3F0 /* Recursion */ = {
			isa = PBXGroup;
			children = (
				20D89BAA214131CE003EE3F0 /* 104. Maximum Depth of Binary Tree.swift */,
				20D89BAC2141320E003EE3F0 /* 111. Minimum Depth of Binary Tree.swift */,
				20D89BAE2141324D003EE3F0 /* 100. Same Tree.swift */,
				20D89BB02141327E003EE3F0 /* 101. Symmetric Tree.swift */,
				20D89BB2214132C0003EE3F0 /* 110. Balanced Binary Tree.swift */,
				20171CDD21415F8300B23D57 /* 222. Count Complete Tree Nodes.swift */,
				20171CDF21415FDD00B23D57 /* 226. Invert Binary Tree.swift */,
				20171CE12141604900B23D57 /* 112. Path Sum.swift */,
				20171CE3214160AB00B23D57 /* 113. Path Sum II.swift */,
				20171CE52141613800B23D57 /* 129. Sum Root to Leaf Numbers.swift */,
				20171CE72141619F00B23D57 /* 257. Binary Tree Paths.swift */,
				20171CE9214161F400B23D57 /* 404. Sum of Left Leaves.swift */,
			);
			path = Recursion;
			sourceTree = "<group>";
		};
		20FC99672142629400DDAB16 /* Sort */ = {
			isa = PBXGroup;
			children = (
				20FC9968214262C600DDAB16 /* 215. Kth Largest Element in an Array.swift */,
				20FC996A21426D0600DDAB16 /* 347. Top K Frequent Elements.swift */,
			);
			path = Sort;
			sourceTree = "<group>";
		};
		20FC996C21460AA200DDAB16 /* Dynamic Programming */ = {
			isa = PBXGroup;
			children = (
				20FC9975214646C200DDAB16 /* 62. Unique Paths.swift */,
				20FC997721464D3200DDAB16 /* 63. Unique Paths II.swift */,
				20FC997121461BE300DDAB16 /* 64. Minimum Path Sum.swift */,
				20FC996D21460AC200DDAB16 /* 70. Climbing Stairs.swift */,
				20FC996F2146104000DDAB16 /* 120. Triangle.swift */,
			);
			path = "Dynamic Programming";
			sourceTree = "<group>";
		};
/* End PBXGroup section */

/* Begin PBXNativeTarget section */
		20D89B2E21410AE8003EE3F0 /* LeetCode.swift */ = {
			isa = PBXNativeTarget;
			buildConfigurationList = 20D89B4C21410AEA003EE3F0 /* Build configuration list for PBXNativeTarget "LeetCode.swift" */;
			buildPhases = (
				20D89B2B21410AE8003EE3F0 /* Sources */,
				20D89B2C21410AE8003EE3F0 /* Frameworks */,
				20D89B2D21410AE8003EE3F0 /* Resources */,
			);
			buildRules = (
			);
			dependencies = (
			);
			name = LeetCode.swift;
			productName = LeetCode.swift;
			productReference = 20D89B2F21410AE8003EE3F0 /* LeetCode.swift.app */;
			productType = "com.apple.product-type.application";
		};
		20D89B4221410AEA003EE3F0 /* LeetCode.swiftTests */ = {
			isa = PBXNativeTarget;
			buildConfigurationList = 20D89B4F21410AEA003EE3F0 /* Build configuration list for PBXNativeTarget "LeetCode.swiftTests" */;
			buildPhases = (
				20D89B3F21410AEA003EE3F0 /* Sources */,
				20D89B4021410AEA003EE3F0 /* Frameworks */,
				20D89B4121410AEA003EE3F0 /* Resources */,
			);
			buildRules = (
			);
			dependencies = (
				20D89B4521410AEA003EE3F0 /* PBXTargetDependency */,
			);
			name = LeetCode.swiftTests;
			productName = LeetCode.swiftTests;
			productReference = 20D89B4321410AEA003EE3F0 /* LeetCode.swiftTests.xctest */;
			productType = "com.apple.product-type.bundle.unit-test";
		};
/* End PBXNativeTarget section */

/* Begin PBXProject section */
		20D89B2721410AE8003EE3F0 /* Project object */ = {
			isa = PBXProject;
			attributes = {
				LastSwiftUpdateCheck = 0940;
				LastUpgradeCheck = 0940;
				ORGANIZATIONNAME = rogerfan;
				TargetAttributes = {
					20D89B2E21410AE8003EE3F0 = {
						CreatedOnToolsVersion = 9.4.1;
					};
					20D89B4221410AEA003EE3F0 = {
						CreatedOnToolsVersion = 9.4.1;
						TestTargetID = 20D89B2E21410AE8003EE3F0;
					};
				};
			};
			buildConfigurationList = 20D89B2A21410AE8003EE3F0 /* Build configuration list for PBXProject "LeetCode.swift" */;
			compatibilityVersion = "Xcode 9.3";
			developmentRegion = en;
			hasScannedForEncodings = 0;
			knownRegions = (
				en,
				Base,
			);
			mainGroup = 20D89B2621410AE8003EE3F0;
			productRefGroup = 20D89B3021410AE8003EE3F0 /* Products */;
			projectDirPath = "";
			projectRoot = "";
			targets = (
				20D89B2E21410AE8003EE3F0 /* LeetCode.swift */,
				20D89B4221410AEA003EE3F0 /* LeetCode.swiftTests */,
			);
		};
/* End PBXProject section */

/* Begin PBXResourcesBuildPhase section */
		20D89B2D21410AE8003EE3F0 /* Resources */ = {
			isa = PBXResourcesBuildPhase;
			buildActionMask = 2147483647;
			files = (
				20D89B3D21410AEA003EE3F0 /* LaunchScreen.storyboard in Resources */,
				20D89B3A21410AEA003EE3F0 /* Assets.xcassets in Resources */,
				20D89B3821410AE8003EE3F0 /* Main.storyboard in Resources */,
			);
			runOnlyForDeploymentPostprocessing = 0;
		};
		20D89B4121410AEA003EE3F0 /* Resources */ = {
			isa = PBXResourcesBuildPhase;
			buildActionMask = 2147483647;
			files = (
			);
			runOnlyForDeploymentPostprocessing = 0;
		};
/* End PBXResourcesBuildPhase section */

/* Begin PBXSourcesBuildPhase section */
		20D89B2B21410AE8003EE3F0 /* Sources */ = {
			isa = PBXSourcesBuildPhase;
			buildActionMask = 2147483647;
			files = (
				20D89B3521410AE8003EE3F0 /* ViewController.swift in Sources */,
				20D89B3321410AE8003EE3F0 /* AppDelegate.swift in Sources */,
				20D89B6521411CCE003EE3F0 /* 66. Plus One.swift in Sources */,
				20171CF72141673E00B23D57 /* 125. Valid Palindrome.swift in Sources */,
				20D89B7F2141255C003EE3F0 /* 438. Find All Anagrams in a String.swift in Sources */,
				20D89B6921411D73003EE3F0 /* 121. Best Time to Buy and Sell Stock.swift in Sources */,
				20FC9976214646C200DDAB16 /* 62. Unique Paths.swift in Sources */,
				20D89B6B21411E39003EE3F0 /* 122. Best Time to Buy and Sell Stock II.swift in Sources */,
				20D89B6E21411F74003EE3F0 /* 14. Longest Common Prefix.swift in Sources */,
				20FC996B21426D0600DDAB16 /* 347. Top K Frequent Elements.swift in Sources */,
				20171D0D21416EC200B23D57 /* 279. Perfect Squares.swift in Sources */,
				20D89B7D21412473003EE3F0 /* 290. Word Pattern.swift in Sources */,
				20D89B91214129DE003EE3F0 /* 145. Binary Tree Postorder Traversal.swift in Sources */,
				20171CEA214161F400B23D57 /* 404. Sum of Left Leaves.swift in Sources */,
				20171D00214169CB00B23D57 /* 220. Contains Duplicate III.swift in Sources */,
				20D89B6721411D1F003EE3F0 /* 88. Merge Sorted Array.swift in Sources */,
				20D89B9721412BDA003EE3F0 /* 107. Binary Tree Level Order Traversal II.swift in Sources */,
				20D89BA621412F6A003EE3F0 /* ListNode.swift in Sources */,
				20D89B722141201E003EE3F0 /* 28. Implement strStr().swift in Sources */,
				20171D0421416B3E00B23D57 /* 350. Intersection of Two Arrays II.swift in Sources */,
				20D89B9521412B39003EE3F0 /* 102. Binary Tree Level Order Traversal.swift in Sources */,
				20171CF32141659F00B23D57 /* 35. Search Insert Position.swift in Sources */,
				20D89B7B214123D0003EE3F0 /* 349. Intersection of Two Arrays.swift in Sources */,
				20D89BB3214132C0003EE3F0 /* 110. Balanced Binary Tree.swift in Sources */,
				20FC9969214262C600DDAB16 /* 215. Kth Largest Element in an Array.swift in Sources */,
				20D89BA121412E82003EE3F0 /* 530. Minimum Absolute Difference in BST.swift in Sources */,
				20171CEC2141628600B23D57 /* 27. Remove Element.swift in Sources */,
				20FC99642142188400DDAB16 /* 238. Product of Array Except Self.swift in Sources */,
				20D89BAF2141324D003EE3F0 /* 100. Same Tree.swift in Sources */,
				20FC997821464D3200DDAB16 /* 63. Unique Paths II.swift in Sources */,
				20D89B6121411BDC003EE3F0 /* 15. 3Sum.swift in Sources */,
				20D89B81214125D6003EE3F0 /* 451. Sort Characters By Frequency.swift in Sources */,
				20D89B8B214128BA003EE3F0 /* 94. Binary Tree Inorder Traversal.swift in Sources */,
				20171CE021415FDD00B23D57 /* 226. Invert Binary Tree.swift in Sources */,
				20D89B9D21412D52003EE3F0 /* 98. Validate Binary Search Tree.swift in Sources */,
				20D89BAB214131CE003EE3F0 /* 104. Maximum Depth of Binary Tree.swift in Sources */,
				20171CDE21415F8300B23D57 /* 222. Count Complete Tree Nodes.swift in Sources */,
				20171D0821416C6600B23D57 /* 242. Valid Anagram.swift in Sources */,
				20D89BB12141327E003EE3F0 /* 101. Symmetric Tree.swift in Sources */,
				20FC99662142555600DDAB16 /* 118. Pascal's Triangle.swift in Sources */,
				20D89B7021411FC7003EE3F0 /* 20. Valid Parentheses.swift in Sources */,
				20D89B8621412744003EE3F0 /* 204. Count Primes.swift in Sources */,
				20D89B84214126BA003EE3F0 /* 150. Evaluate Reverse Polish Notation.swift in Sources */,
				20D89B8D21412912003EE3F0 /* TreeNode.swift in Sources */,
				20171CE4214160AB00B23D57 /* 113. Path Sum II.swift in Sources */,
				20D89BA821412FAB003EE3F0 /* 92. Reverse Linked List II.swift in Sources */,
				20171CF9214167E600B23D57 /* 189. Rotate Array.swift in Sources */,
				20D89BAD2141320E003EE3F0 /* 111. Minimum Depth of Binary Tree.swift in Sources */,
				20171CF02141637C00B23D57 /* 80. Remove Duplicates from Sorted Array II.swift in Sources */,
				20D89BA421412F36003EE3F0 /* 206. Reverse Linked List.swift in Sources */,
				20171CF52141668900B23D57 /* 167. Two Sum II - Input array is sorted.swift in Sources */,
				20FC99702146104000DDAB16 /* 120. Triangle.swift in Sources */,
				20FC997221461BE300DDAB16 /* 64. Minimum Path Sum.swift in Sources */,
				20D89B88214127B8003EE3F0 /* 205. Isomorphic Strings.swift in Sources */,
				20D89B9321412A55003EE3F0 /* 199. Binary Tree Right Side View.swift in Sources */,
				20171CE82141619F00B23D57 /* 257. Binary Tree Paths.swift in Sources */,
				20171CE62141613800B23D57 /* 129. Sum Root to Leaf Numbers.swift in Sources */,
				20171CEE2141630900B23D57 /* 26. Remove Duplicates from Sorted Array.swift in Sources */,
				20171D0A21416DBB00B23D57 /* 682. Baseball Game.swift in Sources */,
				20171D0F21416F0400B23D57 /* Queue.swift in Sources */,
				20D89B772141227B003EE3F0 /* 169. Majority Element.swift in Sources */,
				20FC996E21460AC200DDAB16 /* 70. Climbing Stairs.swift in Sources */,
				20171D0221416ABE00B23D57 /* 344. Reverse String.swift in Sources */,
				20171CFC214168B400B23D57 /* 209. Minimum Size Subarray Sum.swift in Sources */,
				20D89B6321411C4D003EE3F0 /* 16. 3Sum Closest.swift in Sources */,
				20171CE22141604900B23D57 /* 112. Path Sum.swift in Sources */,
				20D89B9921412C29003EE3F0 /* 103. Binary Tree Zigzag Level Order Traversal.swift in Sources */,
				20D89B8F21412973003EE3F0 /* 144. Binary Tree Preorder Traversal.swift in Sources */,
				20171CFE2141696500B23D57 /* 219. Contains Duplicate II.swift in Sources */,
				20D89B74214120A7003EE3F0 /* 345. Reverse Vowels of a String.swift in Sources */,
				20171D0621416BC500B23D57 /* 387. First Unique Character in a String.swift in Sources */,
			);
			runOnlyForDeploymentPostprocessing = 0;
		};
		20D89B3F21410AEA003EE3F0 /* Sources */ = {
			isa = PBXSourcesBuildPhase;
			buildActionMask = 2147483647;
			files = (
				20D89B4821410AEA003EE3F0 /* LeetCode_swiftTests.swift in Sources */,
			);
			runOnlyForDeploymentPostprocessing = 0;
		};
/* End PBXSourcesBuildPhase section */

/* Begin PBXTargetDependency section */
		20D89B4521410AEA003EE3F0 /* PBXTargetDependency */ = {
			isa = PBXTargetDependency;
			target = 20D89B2E21410AE8003EE3F0 /* LeetCode.swift */;
			targetProxy = 20D89B4421410AEA003EE3F0 /* PBXContainerItemProxy */;
		};
/* End PBXTargetDependency section */

/* Begin PBXVariantGroup section */
		20D89B3621410AE8003EE3F0 /* Main.storyboard */ = {
			isa = PBXVariantGroup;
			children = (
				20D89B3721410AE8003EE3F0 /* Base */,
			);
			name = Main.storyboard;
			sourceTree = "<group>";
		};
		20D89B3B21410AEA003EE3F0 /* LaunchScreen.storyboard */ = {
			isa = PBXVariantGroup;
			children = (
				20D89B3C21410AEA003EE3F0 /* Base */,
			);
			name = LaunchScreen.storyboard;
			sourceTree = "<group>";
		};
/* End PBXVariantGroup section */

/* Begin XCBuildConfiguration section */
		20D89B4A21410AEA003EE3F0 /* Debug */ = {
			isa = XCBuildConfiguration;
			buildSettings = {
				ALWAYS_SEARCH_USER_PATHS = NO;
				CLANG_ANALYZER_NONNULL = YES;
				CLANG_ANALYZER_NUMBER_OBJECT_CONVERSION = YES_AGGRESSIVE;
				CLANG_CXX_LANGUAGE_STANDARD = "gnu++14";
				CLANG_CXX_LIBRARY = "libc++";
				CLANG_ENABLE_MODULES = YES;
				CLANG_ENABLE_OBJC_ARC = YES;
				CLANG_ENABLE_OBJC_WEAK = YES;
				CLANG_WARN_BLOCK_CAPTURE_AUTORELEASING = YES;
				CLANG_WARN_BOOL_CONVERSION = YES;
				CLANG_WARN_COMMA = YES;
				CLANG_WARN_CONSTANT_CONVERSION = YES;
				CLANG_WARN_DEPRECATED_OBJC_IMPLEMENTATIONS = YES;
				CLANG_WARN_DIRECT_OBJC_ISA_USAGE = YES_ERROR;
				CLANG_WARN_DOCUMENTATION_COMMENTS = YES;
				CLANG_WARN_EMPTY_BODY = YES;
				CLANG_WARN_ENUM_CONVERSION = YES;
				CLANG_WARN_INFINITE_RECURSION = YES;
				CLANG_WARN_INT_CONVERSION = YES;
				CLANG_WARN_NON_LITERAL_NULL_CONVERSION = YES;
				CLANG_WARN_OBJC_IMPLICIT_RETAIN_SELF = YES;
				CLANG_WARN_OBJC_LITERAL_CONVERSION = YES;
				CLANG_WARN_OBJC_ROOT_CLASS = YES_ERROR;
				CLANG_WARN_RANGE_LOOP_ANALYSIS = YES;
				CLANG_WARN_STRICT_PROTOTYPES = YES;
				CLANG_WARN_SUSPICIOUS_MOVE = YES;
				CLANG_WARN_UNGUARDED_AVAILABILITY = YES_AGGRESSIVE;
				CLANG_WARN_UNREACHABLE_CODE = YES;
				CLANG_WARN__DUPLICATE_METHOD_MATCH = YES;
				CODE_SIGN_IDENTITY = "iPhone Developer";
				COPY_PHASE_STRIP = NO;
				DEBUG_INFORMATION_FORMAT = dwarf;
				ENABLE_STRICT_OBJC_MSGSEND = YES;
				ENABLE_TESTABILITY = YES;
				GCC_C_LANGUAGE_STANDARD = gnu11;
				GCC_DYNAMIC_NO_PIC = NO;
				GCC_NO_COMMON_BLOCKS = YES;
				GCC_OPTIMIZATION_LEVEL = 0;
				GCC_PREPROCESSOR_DEFINITIONS = (
					"DEBUG=1",
					"$(inherited)",
				);
				GCC_WARN_64_TO_32_BIT_CONVERSION = YES;
				GCC_WARN_ABOUT_RETURN_TYPE = YES_ERROR;
				GCC_WARN_UNDECLARED_SELECTOR = YES;
				GCC_WARN_UNINITIALIZED_AUTOS = YES_AGGRESSIVE;
				GCC_WARN_UNUSED_FUNCTION = YES;
				GCC_WARN_UNUSED_VARIABLE = YES;
				IPHONEOS_DEPLOYMENT_TARGET = 11.4;
				MTL_ENABLE_DEBUG_INFO = YES;
				ONLY_ACTIVE_ARCH = YES;
				SDKROOT = iphoneos;
				SWIFT_ACTIVE_COMPILATION_CONDITIONS = DEBUG;
				SWIFT_OPTIMIZATION_LEVEL = "-Onone";
			};
			name = Debug;
		};
		20D89B4B21410AEA003EE3F0 /* Release */ = {
			isa = XCBuildConfiguration;
			buildSettings = {
				ALWAYS_SEARCH_USER_PATHS = NO;
				CLANG_ANALYZER_NONNULL = YES;
				CLANG_ANALYZER_NUMBER_OBJECT_CONVERSION = YES_AGGRESSIVE;
				CLANG_CXX_LANGUAGE_STANDARD = "gnu++14";
				CLANG_CXX_LIBRARY = "libc++";
				CLANG_ENABLE_MODULES = YES;
				CLANG_ENABLE_OBJC_ARC = YES;
				CLANG_ENABLE_OBJC_WEAK = YES;
				CLANG_WARN_BLOCK_CAPTURE_AUTORELEASING = YES;
				CLANG_WARN_BOOL_CONVERSION = YES;
				CLANG_WARN_COMMA = YES;
				CLANG_WARN_CONSTANT_CONVERSION = YES;
				CLANG_WARN_DEPRECATED_OBJC_IMPLEMENTATIONS = YES;
				CLANG_WARN_DIRECT_OBJC_ISA_USAGE = YES_ERROR;
				CLANG_WARN_DOCUMENTATION_COMMENTS = YES;
				CLANG_WARN_EMPTY_BODY = YES;
				CLANG_WARN_ENUM_CONVERSION = YES;
				CLANG_WARN_INFINITE_RECURSION = YES;
				CLANG_WARN_INT_CONVERSION = YES;
				CLANG_WARN_NON_LITERAL_NULL_CONVERSION = YES;
				CLANG_WARN_OBJC_IMPLICIT_RETAIN_SELF = YES;
				CLANG_WARN_OBJC_LITERAL_CONVERSION = YES;
				CLANG_WARN_OBJC_ROOT_CLASS = YES_ERROR;
				CLANG_WARN_RANGE_LOOP_ANALYSIS = YES;
				CLANG_WARN_STRICT_PROTOTYPES = YES;
				CLANG_WARN_SUSPICIOUS_MOVE = YES;
				CLANG_WARN_UNGUARDED_AVAILABILITY = YES_AGGRESSIVE;
				CLANG_WARN_UNREACHABLE_CODE = YES;
				CLANG_WARN__DUPLICATE_METHOD_MATCH = YES;
				CODE_SIGN_IDENTITY = "iPhone Developer";
				COPY_PHASE_STRIP = NO;
				DEBUG_INFORMATION_FORMAT = "dwarf-with-dsym";
				ENABLE_NS_ASSERTIONS = NO;
				ENABLE_STRICT_OBJC_MSGSEND = YES;
				GCC_C_LANGUAGE_STANDARD = gnu11;
				GCC_NO_COMMON_BLOCKS = YES;
				GCC_WARN_64_TO_32_BIT_CONVERSION = YES;
				GCC_WARN_ABOUT_RETURN_TYPE = YES_ERROR;
				GCC_WARN_UNDECLARED_SELECTOR = YES;
				GCC_WARN_UNINITIALIZED_AUTOS = YES_AGGRESSIVE;
				GCC_WARN_UNUSED_FUNCTION = YES;
				GCC_WARN_UNUSED_VARIABLE = YES;
				IPHONEOS_DEPLOYMENT_TARGET = 11.4;
				MTL_ENABLE_DEBUG_INFO = NO;
				SDKROOT = iphoneos;
				SWIFT_COMPILATION_MODE = wholemodule;
				SWIFT_OPTIMIZATION_LEVEL = "-O";
				VALIDATE_PRODUCT = YES;
			};
			name = Release;
		};
		20D89B4D21410AEA003EE3F0 /* Debug */ = {
			isa = XCBuildConfiguration;
			buildSettings = {
				ASSETCATALOG_COMPILER_APPICON_NAME = AppIcon;
				CODE_SIGN_STYLE = Automatic;
				DEVELOPMENT_TEAM = 8XQD6525B9;
				INFOPLIST_FILE = LeetCode.swift/Info.plist;
				IPHONEOS_DEPLOYMENT_TARGET = 10.0;
				LD_RUNPATH_SEARCH_PATHS = (
					"$(inherited)",
					"@executable_path/Frameworks",
				);
				PRODUCT_BUNDLE_IDENTIFIER = "rogerfan.LeetCode-swift";
				PRODUCT_NAME = "$(TARGET_NAME)";
				SWIFT_VERSION = 4.0;
				TARGETED_DEVICE_FAMILY = "1,2";
			};
			name = Debug;
		};
		20D89B4E21410AEA003EE3F0 /* Release */ = {
			isa = XCBuildConfiguration;
			buildSettings = {
				ASSETCATALOG_COMPILER_APPICON_NAME = AppIcon;
				CODE_SIGN_STYLE = Automatic;
				DEVELOPMENT_TEAM = 8XQD6525B9;
				INFOPLIST_FILE = LeetCode.swift/Info.plist;
				IPHONEOS_DEPLOYMENT_TARGET = 10.0;
				LD_RUNPATH_SEARCH_PATHS = (
					"$(inherited)",
					"@executable_path/Frameworks",
				);
				PRODUCT_BUNDLE_IDENTIFIER = "rogerfan.LeetCode-swift";
				PRODUCT_NAME = "$(TARGET_NAME)";
				SWIFT_VERSION = 4.0;
				TARGETED_DEVICE_FAMILY = "1,2";
			};
			name = Release;
		};
		20D89B5021410AEA003EE3F0 /* Debug */ = {
			isa = XCBuildConfiguration;
			buildSettings = {
				ALWAYS_EMBED_SWIFT_STANDARD_LIBRARIES = YES;
				BUNDLE_LOADER = "$(TEST_HOST)";
				CODE_SIGN_STYLE = Automatic;
				DEVELOPMENT_TEAM = 8XQD6525B9;
				INFOPLIST_FILE = LeetCode.swiftTests/Info.plist;
				LD_RUNPATH_SEARCH_PATHS = (
					"$(inherited)",
					"@executable_path/Frameworks",
					"@loader_path/Frameworks",
				);
				PRODUCT_BUNDLE_IDENTIFIER = "rogerfan.LeetCode-swiftTests";
				PRODUCT_NAME = "$(TARGET_NAME)";
				SWIFT_VERSION = 4.0;
				TARGETED_DEVICE_FAMILY = "1,2";
				TEST_HOST = "$(BUILT_PRODUCTS_DIR)/LeetCode.swift.app/LeetCode.swift";
			};
			name = Debug;
		};
		20D89B5121410AEA003EE3F0 /* Release */ = {
			isa = XCBuildConfiguration;
			buildSettings = {
				ALWAYS_EMBED_SWIFT_STANDARD_LIBRARIES = YES;
				BUNDLE_LOADER = "$(TEST_HOST)";
				CODE_SIGN_STYLE = Automatic;
				DEVELOPMENT_TEAM = 8XQD6525B9;
				INFOPLIST_FILE = LeetCode.swiftTests/Info.plist;
				LD_RUNPATH_SEARCH_PATHS = (
					"$(inherited)",
					"@executable_path/Frameworks",
					"@loader_path/Frameworks",
				);
				PRODUCT_BUNDLE_IDENTIFIER = "rogerfan.LeetCode-swiftTests";
				PRODUCT_NAME = "$(TARGET_NAME)";
				SWIFT_VERSION = 4.0;
				TARGETED_DEVICE_FAMILY = "1,2";
				TEST_HOST = "$(BUILT_PRODUCTS_DIR)/LeetCode.swift.app/LeetCode.swift";
			};
			name = Release;
		};
/* End XCBuildConfiguration section */

/* Begin XCConfigurationList section */
		20D89B2A21410AE8003EE3F0 /* Build configuration list for PBXProject "LeetCode.swift" */ = {
			isa = XCConfigurationList;
			buildConfigurations = (
				20D89B4A21410AEA003EE3F0 /* Debug */,
				20D89B4B21410AEA003EE3F0 /* Release */,
			);
			defaultConfigurationIsVisible = 0;
			defaultConfigurationName = Release;
		};
		20D89B4C21410AEA003EE3F0 /* Build configuration list for PBXNativeTarget "LeetCode.swift" */ = {
			isa = XCConfigurationList;
			buildConfigurations = (
				20D89B4D21410AEA003EE3F0 /* Debug */,
				20D89B4E21410AEA003EE3F0 /* Release */,
			);
			defaultConfigurationIsVisible = 0;
			defaultConfigurationName = Release;
		};
		20D89B4F21410AEA003EE3F0 /* Build configuration list for PBXNativeTarget "LeetCode.swiftTests" */ = {
			isa = XCConfigurationList;
			buildConfigurations = (
				20D89B5021410AEA003EE3F0 /* Debug */,
				20D89B5121410AEA003EE3F0 /* Release */,
			);
			defaultConfigurationIsVisible = 0;
			defaultConfigurationName = Release;
		};
/* End XCConfigurationList section */
	};
	rootObject = 20D89B2721410AE8003EE3F0 /* Project object */;
}
